
Microsoft Visual Studio Solution File, Format Version 12.00
# Visual Studio Version 17
VisualStudioVersion = 17.0.31903.59
MinimumVisualStudioVersion = 10.0.40219.1
Project("{FAE04EC0-301F-11D3-BF4B-00C04F79EFBC}") = "Kombats.Contracts", "src\Kombats.Contracts\Kombats.Contracts.csproj", "{B2C3D4E5-F6A7-4B5C-9D0E-1F2A3B4C5D6E}"
EndProject
Project("{FAE04EC0-301F-11D3-BF4B-00C04F79EFBC}") = "Kombats.Battle.Domain", "src\Kombats.Battle.Domain\Kombats.Battle.Domain.csproj", "{C13C1FB4-9C55-5461-EF02-AD395E7831E0}"
EndProject
Project("{FAE04EC0-301F-11D3-BF4B-00C04F79EFBC}") = "Kombats.Battle.Application", "src\Kombats.Battle.Application\Kombats.Battle.Application.csproj", "{92F28ADE-2CB2-E1D3-6D72-573466F7A5CF}"
EndProject
Project("{FAE04EC0-301F-11D3-BF4B-00C04F79EFBC}") = "Kombats.Battle.Infrastructure", "src\Kombats.Battle.Infrastructure\Kombats.Battle.Infrastructure.csproj", "{D835E9B5-6FEF-122A-6A94-0F9EF44A1A0F}"
EndProject
Project("{FAE04EC0-301F-11D3-BF4B-00C04F79EFBC}") = "Kombats.Battle.Api", "src\Kombats.Battle.Api\Kombats.Battle.Api.csproj", "{4C51CA1F-ED7E-097C-9288-1DB3017B0A6C}"
EndProject
Project("{FAE04EC0-301F-11D3-BF4B-00C04F79EFBC}") = "Kombats.Battle.Realtime.Contracts", "src\Kombats.Battle.Realtime.Contracts\Kombats.Battle.Realtime.Contracts.csproj", "{6F35FEDB-F8C5-E8BA-DC49-A0CB495D6079}"
EndProject
Project("{2150E333-8FDC-42A3-9474-1A3956D46DE8}") = "src", "src", "{827E0CD3-B72D-47B6-A68D-7590B98EB39B}"
EndProject
Project("{2150E333-8FDC-42A3-9474-1A3956D46DE8}") = "tests", "tests", "{AE08A63B-4524-423B-BC31-E5C4624D4758}"
EndProject
Project("{2150E333-8FDC-42A3-9474-1A3956D46DE8}") = "Kombats.Common", "Kombats.Common", "{93C73865-C278-4144-A8D7-9C186D57547F}"
EndProject
Project("{FAE04EC0-301F-11D3-BF4B-00C04F79EFBC}") = "Kombats.Battle.Application.Tests", "tests\Kombats.Battle.Application.Tests\Kombats.Battle.Application.Tests.csproj", "{BAC335F4-CC9D-4D18-9FDD-1F9C359B58EA}"
EndProject
Project("{FAE04EC0-301F-11D3-BF4B-00C04F79EFBC}") = "Kombats.Battle.Infrastructure.Tests", "tests\Kombats.Battle.Infrastructure.Tests\Kombats.Battle.Infrastructure.Tests.csproj", "{5EC8ED1A-38B0-40BC-8B00-83DBA849B769}"
EndProject
Project("{FAE04EC0-301F-11D3-BF4B-00C04F79EFBC}") = "Kombats.Infrastructure.Messaging", "src\Kombats.Common\Kombats.Infrastructure.Messaging\Kombats.Infrastructure.Messaging.csproj", "{CC53244B-8F5A-4AF1-BFCF-17B501AF7A05}"
EndProject
Global
	GlobalSection(SolutionConfigurationPlatforms) = preSolution
		Debug|Any CPU = Debug|Any CPU
		Debug|x64 = Debug|x64
		Debug|x86 = Debug|x86
		Release|Any CPU = Release|Any CPU
		Release|x64 = Release|x64
		Release|x86 = Release|x86
	EndGlobalSection
	GlobalSection(ProjectConfigurationPlatforms) = postSolution
		{B2C3D4E5-F6A7-4B5C-9D0E-1F2A3B4C5D6E}.Debug|Any CPU.ActiveCfg = Debug|Any CPU
		{B2C3D4E5-F6A7-4B5C-9D0E-1F2A3B4C5D6E}.Debug|Any CPU.Build.0 = Debug|Any CPU
		{B2C3D4E5-F6A7-4B5C-9D0E-1F2A3B4C5D6E}.Debug|x64.ActiveCfg = Debug|Any CPU
		{B2C3D4E5-F6A7-4B5C-9D0E-1F2A3B4C5D6E}.Debug|x64.Build.0 = Debug|Any CPU
		{B2C3D4E5-F6A7-4B5C-9D0E-1F2A3B4C5D6E}.Debug|x86.ActiveCfg = Debug|Any CPU
		{B2C3D4E5-F6A7-4B5C-9D0E-1F2A3B4C5D6E}.Debug|x86.Build.0 = Debug|Any CPU
		{B2C3D4E5-F6A7-4B5C-9D0E-1F2A3B4C5D6E}.Release|Any CPU.ActiveCfg = Release|Any CPU
		{B2C3D4E5-F6A7-4B5C-9D0E-1F2A3B4C5D6E}.Release|Any CPU.Build.0 = Release|Any CPU
		{B2C3D4E5-F6A7-4B5C-9D0E-1F2A3B4C5D6E}.Release|x64.ActiveCfg = Release|Any CPU
		{B2C3D4E5-F6A7-4B5C-9D0E-1F2A3B4C5D6E}.Release|x64.Build.0 = Release|Any CPU
		{B2C3D4E5-F6A7-4B5C-9D0E-1F2A3B4C5D6E}.Release|x86.ActiveCfg = Release|Any CPU
		{B2C3D4E5-F6A7-4B5C-9D0E-1F2A3B4C5D6E}.Release|x86.Build.0 = Release|Any CPU
		{C13C1FB4-9C55-5461-EF02-AD395E7831E0}.Debug|Any CPU.ActiveCfg = Debug|Any CPU
		{C13C1FB4-9C55-5461-EF02-AD395E7831E0}.Debug|Any CPU.Build.0 = Debug|Any CPU
		{C13C1FB4-9C55-5461-EF02-AD395E7831E0}.Debug|x64.ActiveCfg = Debug|Any CPU
		{C13C1FB4-9C55-5461-EF02-AD395E7831E0}.Debug|x64.Build.0 = Debug|Any CPU
		{C13C1FB4-9C55-5461-EF02-AD395E7831E0}.Debug|x86.ActiveCfg = Debug|Any CPU
		{C13C1FB4-9C55-5461-EF02-AD395E7831E0}.Debug|x86.Build.0 = Debug|Any CPU
		{C13C1FB4-9C55-5461-EF02-AD395E7831E0}.Release|x64.ActiveCfg = Release|Any CPU
		{C13C1FB4-9C55-5461-EF02-AD395E7831E0}.Release|x64.Build.0 = Release|Any CPU
		{C13C1FB4-9C55-5461-EF02-AD395E7831E0}.Release|x86.ActiveCfg = Release|Any CPU
		{C13C1FB4-9C55-5461-EF02-AD395E7831E0}.Release|x86.Build.0 = Release|Any CPU
		{92F28ADE-2CB2-E1D3-6D72-573466F7A5CF}.Debug|Any CPU.ActiveCfg = Debug|Any CPU
		{92F28ADE-2CB2-E1D3-6D72-573466F7A5CF}.Debug|Any CPU.Build.0 = Debug|Any CPU
		{92F28ADE-2CB2-E1D3-6D72-573466F7A5CF}.Debug|x64.ActiveCfg = Debug|Any CPU
		{92F28ADE-2CB2-E1D3-6D72-573466F7A5CF}.Debug|x64.Build.0 = Debug|Any CPU
		{92F28ADE-2CB2-E1D3-6D72-573466F7A5CF}.Debug|x86.ActiveCfg = Debug|Any CPU
		{92F28ADE-2CB2-E1D3-6D72-573466F7A5CF}.Debug|x86.Build.0 = Debug|Any CPU
		{92F28ADE-2CB2-E1D3-6D72-573466F7A5CF}.Release|x64.ActiveCfg = Release|Any CPU
		{92F28ADE-2CB2-E1D3-6D72-573466F7A5CF}.Release|x64.Build.0 = Release|Any CPU
		{92F28ADE-2CB2-E1D3-6D72-573466F7A5CF}.Release|x86.ActiveCfg = Release|Any CPU
		{92F28ADE-2CB2-E1D3-6D72-573466F7A5CF}.Release|x86.Build.0 = Release|Any CPU
		{D835E9B5-6FEF-122A-6A94-0F9EF44A1A0F}.Debug|Any CPU.ActiveCfg = Debug|Any CPU
		{D835E9B5-6FEF-122A-6A94-0F9EF44A1A0F}.Debug|Any CPU.Build.0 = Debug|Any CPU
		{D835E9B5-6FEF-122A-6A94-0F9EF44A1A0F}.Debug|x64.ActiveCfg = Debug|Any CPU
		{D835E9B5-6FEF-122A-6A94-0F9EF44A1A0F}.Debug|x64.Build.0 = Debug|Any CPU
		{D835E9B5-6FEF-122A-6A94-0F9EF44A1A0F}.Debug|x86.ActiveCfg = Debug|Any CPU
		{D835E9B5-6FEF-122A-6A94-0F9EF44A1A0F}.Debug|x86.Build.0 = Debug|Any CPU
		{D835E9B5-6FEF-122A-6A94-0F9EF44A1A0F}.Release|x64.ActiveCfg = Release|Any CPU
		{D835E9B5-6FEF-122A-6A94-0F9EF44A1A0F}.Release|x64.Build.0 = Release|Any CPU
		{D835E9B5-6FEF-122A-6A94-0F9EF44A1A0F}.Release|x86.ActiveCfg = Release|Any CPU
		{D835E9B5-6FEF-122A-6A94-0F9EF44A1A0F}.Release|x86.Build.0 = Release|Any CPU
		{4C51CA1F-ED7E-097C-9288-1DB3017B0A6C}.Debug|Any CPU.ActiveCfg = Debug|Any CPU
		{4C51CA1F-ED7E-097C-9288-1DB3017B0A6C}.Debug|Any CPU.Build.0 = Debug|Any CPU
		{4C51CA1F-ED7E-097C-9288-1DB3017B0A6C}.Debug|x64.ActiveCfg = Debug|Any CPU
		{4C51CA1F-ED7E-097C-9288-1DB3017B0A6C}.Debug|x64.Build.0 = Debug|Any CPU
		{4C51CA1F-ED7E-097C-9288-1DB3017B0A6C}.Debug|x86.ActiveCfg = Debug|Any CPU
		{4C51CA1F-ED7E-097C-9288-1DB3017B0A6C}.Debug|x86.Build.0 = Debug|Any CPU
		{4C51CA1F-ED7E-097C-9288-1DB3017B0A6C}.Release|x64.ActiveCfg = Release|Any CPU
		{4C51CA1F-ED7E-097C-9288-1DB3017B0A6C}.Release|x64.Build.0 = Release|Any CPU
		{4C51CA1F-ED7E-097C-9288-1DB3017B0A6C}.Release|x86.ActiveCfg = Release|Any CPU
		{4C51CA1F-ED7E-097C-9288-1DB3017B0A6C}.Release|x86.Build.0 = Release|Any CPU
		{6F35FEDB-F8C5-E8BA-DC49-A0CB495D6079}.Debug|Any CPU.ActiveCfg = Debug|Any CPU
		{6F35FEDB-F8C5-E8BA-DC49-A0CB495D6079}.Debug|Any CPU.Build.0 = Debug|Any CPU
		{BAC335F4-CC9D-4D18-9FDD-1F9C359B58EA}.Debug|Any CPU.ActiveCfg = Debug|Any CPU
		{BAC335F4-CC9D-4D18-9FDD-1F9C359B58EA}.Debug|Any CPU.Build.0 = Debug|Any CPU
		{BAC335F4-CC9D-4D18-9FDD-1F9C359B58EA}.Debug|x64.ActiveCfg = Debug|Any CPU
		{BAC335F4-CC9D-4D18-9FDD-1F9C359B58EA}.Debug|x64.Build.0 = Debug|Any CPU
		{BAC335F4-CC9D-4D18-9FDD-1F9C359B58EA}.Debug|x86.ActiveCfg = Debug|Any CPU
		{BAC335F4-CC9D-4D18-9FDD-1F9C359B58EA}.Debug|x86.Build.0 = Debug|Any CPU
		{BAC335F4-CC9D-4D18-9FDD-1F9C359B58EA}.Release|Any CPU.ActiveCfg = Release|Any CPU
		{BAC335F4-CC9D-4D18-9FDD-1F9C359B58EA}.Release|Any CPU.Build.0 = Release|Any CPU
		{BAC335F4-CC9D-4D18-9FDD-1F9C359B58EA}.Release|x64.ActiveCfg = Release|Any CPU
		{BAC335F4-CC9D-4D18-9FDD-1F9C359B58EA}.Release|x64.Build.0 = Release|Any CPU
		{BAC335F4-CC9D-4D18-9FDD-1F9C359B58EA}.Release|x86.ActiveCfg = Release|Any CPU
		{BAC335F4-CC9D-4D18-9FDD-1F9C359B58EA}.Release|x86.Build.0 = Release|Any CPU
		{5EC8ED1A-38B0-40BC-8B00-83DBA849B769}.Debug|Any CPU.ActiveCfg = Debug|Any CPU
		{5EC8ED1A-38B0-40BC-8B00-83DBA849B769}.Debug|Any CPU.Build.0 = Debug|Any CPU
		{5EC8ED1A-38B0-40BC-8B00-83DBA849B769}.Debug|x64.ActiveCfg = Debug|Any CPU
		{5EC8ED1A-38B0-40BC-8B00-83DBA849B769}.Debug|x64.Build.0 = Debug|Any CPU
		{5EC8ED1A-38B0-40BC-8B00-83DBA849B769}.Debug|x86.ActiveCfg = Debug|Any CPU
		{5EC8ED1A-38B0-40BC-8B00-83DBA849B769}.Debug|x86.Build.0 = Debug|Any CPU
		{5EC8ED1A-38B0-40BC-8B00-83DBA849B769}.Release|Any CPU.ActiveCfg = Release|Any CPU
		{5EC8ED1A-38B0-40BC-8B00-83DBA849B769}.Release|Any CPU.Build.0 = Release|Any CPU
		{5EC8ED1A-38B0-40BC-8B00-83DBA849B769}.Release|x64.ActiveCfg = Release|Any CPU
		{5EC8ED1A-38B0-40BC-8B00-83DBA849B769}.Release|x64.Build.0 = Release|Any CPU
		{5EC8ED1A-38B0-40BC-8B00-83DBA849B769}.Release|x86.ActiveCfg = Release|Any CPU
		{5EC8ED1A-38B0-40BC-8B00-83DBA849B769}.Release|x86.Build.0 = Release|Any CPU
		{CC53244B-8F5A-4AF1-BFCF-17B501AF7A05}.Debug|Any CPU.ActiveCfg = Debug|Any CPU
		{CC53244B-8F5A-4AF1-BFCF-17B501AF7A05}.Debug|Any CPU.Build.0 = Debug|Any CPU
		{CC53244B-8F5A-4AF1-BFCF-17B501AF7A05}.Debug|x64.ActiveCfg = Debug|Any CPU
		{CC53244B-8F5A-4AF1-BFCF-17B501AF7A05}.Debug|x64.Build.0 = Debug|Any CPU
		{CC53244B-8F5A-4AF1-BFCF-17B501AF7A05}.Debug|x86.ActiveCfg = Debug|Any CPU
		{CC53244B-8F5A-4AF1-BFCF-17B501AF7A05}.Debug|x86.Build.0 = Debug|Any CPU
		{CC53244B-8F5A-4AF1-BFCF-17B501AF7A05}.Release|Any CPU.ActiveCfg = Release|Any CPU
		{CC53244B-8F5A-4AF1-BFCF-17B501AF7A05}.Release|Any CPU.Build.0 = Release|Any CPU
		{CC53244B-8F5A-4AF1-BFCF-17B501AF7A05}.Release|x64.ActiveCfg = Release|Any CPU
		{CC53244B-8F5A-4AF1-BFCF-17B501AF7A05}.Release|x64.Build.0 = Release|Any CPU
		{CC53244B-8F5A-4AF1-BFCF-17B501AF7A05}.Release|x86.ActiveCfg = Release|Any CPU
		{CC53244B-8F5A-4AF1-BFCF-17B501AF7A05}.Release|x86.Build.0 = Release|Any CPU
	EndGlobalSection
	GlobalSection(SolutionProperties) = preSolution
		HideSolutionNode = FALSE
	EndGlobalSection
	GlobalSection(NestedProjects) = preSolution
		{B2C3D4E5-F6A7-4B5C-9D0E-1F2A3B4C5D6E} = {827E0CD3-B72D-47B6-A68D-7590B98EB39B}
		{C13C1FB4-9C55-5461-EF02-AD395E7831E0} = {827E0CD3-B72D-47B6-A68D-7590B98EB39B}
		{92F28ADE-2CB2-E1D3-6D72-573466F7A5CF} = {827E0CD3-B72D-47B6-A68D-7590B98EB39B}
		{D835E9B5-6FEF-122A-6A94-0F9EF44A1A0F} = {827E0CD3-B72D-47B6-A68D-7590B98EB39B}
		{4C51CA1F-ED7E-097C-9288-1DB3017B0A6C} = {827E0CD3-B72D-47B6-A68D-7590B98EB39B}
		{6F35FEDB-F8C5-E8BA-DC49-A0CB495D6079} = {827E0CD3-B72D-47B6-A68D-7590B98EB39B}
		{BAC335F4-CC9D-4D18-9FDD-1F9C359B58EA} = {AE08A63B-4524-423B-BC31-E5C4624D4758}
		{5EC8ED1A-38B0-40BC-8B00-83DBA849B769} = {AE08A63B-4524-423B-BC31-E5C4624D4758}
		{CC53244B-8F5A-4AF1-BFCF-17B501AF7A05} = {93C73865-C278-4144-A8D7-9C186D57547F}
	EndGlobalSection
EndGlobal
